
Microsoft Visual Studio Solution File, Format Version 12.00
# Visual Studio Version 16
VisualStudioVersion = 16.0.32929.386
MinimumVisualStudioVersion = 10.0.40219.1
Project("{9A19103F-16F7-4668-BE54-9A1E7A4F7556}") = "ProductService", "ProductService\ProductService.csproj", "{BB6EAC58-2CCC-4F02-BB24-BA2588892126}"
EndProject
Project("{FAE04EC0-301F-11D3-BF4B-00C04F79EFBC}") = "UnitTest_ProductService", "UnitTest_ProductService\UnitTest_ProductService.csproj", "{08890F5C-19BE-4AC8-9252-823FD17C3CA7}"
EndProject
Global
	GlobalSection(SolutionConfigurationPlatforms) = preSolution
		Debug|Any CPU = Debug|Any CPU
		Release|Any CPU = Release|Any CPU
	EndGlobalSection
	GlobalSection(ProjectConfigurationPlatforms) = postSolution
		{BB6EAC58-2CCC-4F02-BB24-BA2588892126}.Debug|Any CPU.ActiveCfg = Debug|Any CPU
		{BB6EAC58-2CCC-4F02-BB24-BA2588892126}.Debug|Any CPU.Build.0 = Debug|Any CPU
		{BB6EAC58-2CCC-4F02-BB24-BA2588892126}.Release|Any CPU.ActiveCfg = Release|Any CPU
		{BB6EAC58-2CCC-4F02-BB24-BA2588892126}.Release|Any CPU.Build.0 = Release|Any CPU
		{08890F5C-19BE-4AC8-9252-823FD17C3CA7}.Debug|Any CPU.ActiveCfg = Debug|Any CPU
		{08890F5C-19BE-4AC8-9252-823FD17C3CA7}.Debug|Any CPU.Build.0 = Debug|Any CPU
		{08890F5C-19BE-4AC8-9252-823FD17C3CA7}.Release|Any CPU.ActiveCfg = Release|Any CPU
		{08890F5C-19BE-4AC8-9252-823FD17C3CA7}.Release|Any CPU.Build.0 = Release|Any CPU
	EndGlobalSection
	GlobalSection(SolutionProperties) = preSolution
		HideSolutionNode = FALSE
	EndGlobalSection
	GlobalSection(ExtensibilityGlobals) = postSolution
		SolutionGuid = {2C83B283-B0CE-425D-8DCF-CFA7BF6B2EC4}
	EndGlobalSection
EndGlobal
